
Microsoft Visual Studio Solution File, Format Version 12.00
# Visual Studio 2013
VisualStudioVersion = 12.0.40629.0
MinimumVisualStudioVersion = 10.0.40219.1
Project("{FAE04EC0-301F-11D3-BF4B-00C04F79EFBC}") = "Presenta.CA.Site", "Presenta.CA.Site\Presenta.CA.Site.csproj", "{966F275F-121F-41BC-B191-9FEDB1282417}"
EndProject
Project("{FAE04EC0-301F-11D3-BF4B-00C04F79EFBC}") = "Presenta.CA.ClassLibrary", "Presenta.CA.ClassLibrary\Presenta.CA.ClassLibrary.csproj", "{5CA2C3AD-8DBB-4E28-8215-0028A55CEF2C}"
EndProject
Project("{FAE04EC0-301F-11D3-BF4B-00C04F79EFBC}") = "Presenta.CA.Base", "Presenta.CA.Base\Presenta.CA.Base.csproj", "{7CFA938A-0D56-4324-AF00-E8046D698E1E}"
EndProject
Project("{FAE04EC0-301F-11D3-BF4B-00C04F79EFBC}") = "Presenta.CA.Common", "Presenta.CA.Common\Presenta.CA.Common.csproj", "{F1B2EA51-255E-4017-AF2F-5F2C951BAFBD}"
EndProject
Project("{FAE04EC0-301F-11D3-BF4B-00C04F79EFBC}") = "Presenta.CA.Site.v2", "Presenta.CA.Site.v2\Presenta.CA.Site.v2.csproj", "{7ACFB584-0A09-47B6-81EF-845D2C60E14F}"
EndProject
Project("{FAE04EC0-301F-11D3-BF4B-00C04F79EFBC}") = "Presenta.CA.Site.v2.Tests", "Presenta.CA.Site.v2.Tests\Presenta.CA.Site.v2.Tests.csproj", "{B61DC159-9027-498D-9600-87E3FB5D14A5}"
EndProject
Project("{FAE04EC0-301F-11D3-BF4B-00C04F79EFBC}") = "Presenta.CA.Model", "Presenta.CA.Model\Presenta.CA.Model.csproj", "{DB90B92A-D727-4FCC-A8C5-97EACA5ACE6B}"
EndProject
Project("{2150E333-8FDC-42A3-9474-1A3956D46DE8}") = "Testes", "Testes", "{036A9B86-9FAF-4C82-AE8C-C132F229AC26}"
EndProject
Project("{FAE04EC0-301F-11D3-BF4B-00C04F79EFBC}") = "Presenta.CA.Model.Tests", "Presenta.CA.Model.Tests\Presenta.CA.Model.Tests.csproj", "{A321965E-5E2C-4C87-8530-DBF48C40FF2B}"
EndProject
Global
	GlobalSection(SolutionConfigurationPlatforms) = preSolution
		Debug|Any CPU = Debug|Any CPU
		Release|Any CPU = Release|Any CPU
	EndGlobalSection
	GlobalSection(ProjectConfigurationPlatforms) = postSolution
		{966F275F-121F-41BC-B191-9FEDB1282417}.Debug|Any CPU.ActiveCfg = Debug|Any CPU
		{966F275F-121F-41BC-B191-9FEDB1282417}.Debug|Any CPU.Build.0 = Debug|Any CPU
		{966F275F-121F-41BC-B191-9FEDB1282417}.Release|Any CPU.ActiveCfg = Release|Any CPU
		{966F275F-121F-41BC-B191-9FEDB1282417}.Release|Any CPU.Build.0 = Release|Any CPU
		{5CA2C3AD-8DBB-4E28-8215-0028A55CEF2C}.Debug|Any CPU.ActiveCfg = Debug|Any CPU
		{5CA2C3AD-8DBB-4E28-8215-0028A55CEF2C}.Debug|Any CPU.Build.0 = Debug|Any CPU
		{5CA2C3AD-8DBB-4E28-8215-0028A55CEF2C}.Release|Any CPU.ActiveCfg = Release|Any CPU
		{5CA2C3AD-8DBB-4E28-8215-0028A55CEF2C}.Release|Any CPU.Build.0 = Release|Any CPU
		{7CFA938A-0D56-4324-AF00-E8046D698E1E}.Debug|Any CPU.ActiveCfg = Debug|Any CPU
		{7CFA938A-0D56-4324-AF00-E8046D698E1E}.Debug|Any CPU.Build.0 = Debug|Any CPU
		{7CFA938A-0D56-4324-AF00-E8046D698E1E}.Release|Any CPU.ActiveCfg = Release|Any CPU
		{7CFA938A-0D56-4324-AF00-E8046D698E1E}.Release|Any CPU.Build.0 = Release|Any CPU
		{F1B2EA51-255E-4017-AF2F-5F2C951BAFBD}.Debug|Any CPU.ActiveCfg = Debug|Any CPU
		{F1B2EA51-255E-4017-AF2F-5F2C951BAFBD}.Debug|Any CPU.Build.0 = Debug|Any CPU
		{F1B2EA51-255E-4017-AF2F-5F2C951BAFBD}.Release|Any CPU.ActiveCfg = Release|Any CPU
		{F1B2EA51-255E-4017-AF2F-5F2C951BAFBD}.Release|Any CPU.Build.0 = Release|Any CPU
		{7ACFB584-0A09-47B6-81EF-845D2C60E14F}.Debug|Any CPU.ActiveCfg = Debug|Any CPU
		{7ACFB584-0A09-47B6-81EF-845D2C60E14F}.Debug|Any CPU.Build.0 = Debug|Any CPU
		{7ACFB584-0A09-47B6-81EF-845D2C60E14F}.Release|Any CPU.ActiveCfg = Release|Any CPU
		{7ACFB584-0A09-47B6-81EF-845D2C60E14F}.Release|Any CPU.Build.0 = Release|Any CPU
		{B61DC159-9027-498D-9600-87E3FB5D14A5}.Debug|Any CPU.ActiveCfg = Debug|Any CPU
		{B61DC159-9027-498D-9600-87E3FB5D14A5}.Debug|Any CPU.Build.0 = Debug|Any CPU
		{B61DC159-9027-498D-9600-87E3FB5D14A5}.Release|Any CPU.ActiveCfg = Release|Any CPU
		{B61DC159-9027-498D-9600-87E3FB5D14A5}.Release|Any CPU.Build.0 = Release|Any CPU
		{DB90B92A-D727-4FCC-A8C5-97EACA5ACE6B}.Debug|Any CPU.ActiveCfg = Debug|Any CPU
		{DB90B92A-D727-4FCC-A8C5-97EACA5ACE6B}.Debug|Any CPU.Build.0 = Debug|Any CPU
		{DB90B92A-D727-4FCC-A8C5-97EACA5ACE6B}.Release|Any CPU.ActiveCfg = Release|Any CPU
		{DB90B92A-D727-4FCC-A8C5-97EACA5ACE6B}.Release|Any CPU.Build.0 = Release|Any CPU
		{A321965E-5E2C-4C87-8530-DBF48C40FF2B}.Debug|Any CPU.ActiveCfg = Debug|Any CPU
		{A321965E-5E2C-4C87-8530-DBF48C40FF2B}.Debug|Any CPU.Build.0 = Debug|Any CPU
		{A321965E-5E2C-4C87-8530-DBF48C40FF2B}.Release|Any CPU.ActiveCfg = Release|Any CPU
		{A321965E-5E2C-4C87-8530-DBF48C40FF2B}.Release|Any CPU.Build.0 = Release|Any CPU
	EndGlobalSection
	GlobalSection(SolutionProperties) = preSolution
		HideSolutionNode = FALSE
	EndGlobalSection
	GlobalSection(NestedProjects) = preSolution
		{B61DC159-9027-498D-9600-87E3FB5D14A5} = {036A9B86-9FAF-4C82-AE8C-C132F229AC26}
		{A321965E-5E2C-4C87-8530-DBF48C40FF2B} = {036A9B86-9FAF-4C82-AE8C-C132F229AC26}
	EndGlobalSection
EndGlobal
