
Microsoft Visual Studio Solution File, Format Version 12.00
# Visual Studio Version 16
VisualStudioVersion = 16.0.31112.23
MinimumVisualStudioVersion = 10.0.40219.1
Project("{FAE04EC0-301F-11D3-BF4B-00C04F79EFBC}") = "Presenta.WS.CA", "Presenta.WS.CA\Presenta.WS.CA.csproj", "{0E7E00EE-7979-4407-AF45-068971E3C157}"
EndProject
Project("{FAE04EC0-301F-11D3-BF4B-00C04F79EFBC}") = "Presenta.WS.Pan", "Presenta.WS.Panamericano\Presenta.WS.Pan.csproj", "{BF0EAC8D-572A-4B1C-A518-B62B63DD93E9}"
EndProject
Project("{2150E333-8FDC-42A3-9474-1A3956D46DE8}") = "Simulacao", "Simulacao", "{97121540-570F-4D6F-897E-5A4B3A24893F}"
EndProject
Project("{FAE04EC0-301F-11D3-BF4B-00C04F79EFBC}") = "Presenta.AutBank.WS.Pesquisa", "Presenta.AutBank.WS.Pesquisa\Presenta.AutBank.WS.Pesquisa.csproj", "{10C0BFB2-AD65-4EF9-9D04-639F595D56D7}"
EndProject
Project("{FAE04EC0-301F-11D3-BF4B-00C04F79EFBC}") = "Presenta.AutBank.WS.Pesquisa.Tests", "Presenta.AutBank.WS.Pesquisa.Tests\Presenta.AutBank.WS.Pesquisa.Tests.csproj", "{95EE6B3A-7DA9-432B-956E-A9B651B04661}"
EndProject
Project("{FAE04EC0-301F-11D3-BF4B-00C04F79EFBC}") = "Presenta.CA.Model", "..\_CA_SITE_CORRETO\Presenta.CA.Model\Presenta.CA.Model.csproj", "{DB90B92A-D727-4FCC-A8C5-97EACA5ACE6B}"
EndProject
Global
	GlobalSection(SolutionConfigurationPlatforms) = preSolution
		Debug|Any CPU = Debug|Any CPU
		Debug|Mixed Platforms = Debug|Mixed Platforms
		Debug|x64 = Debug|x64
		Debug|x86 = Debug|x86
		Release|Any CPU = Release|Any CPU
		Release|Mixed Platforms = Release|Mixed Platforms
		Release|x64 = Release|x64
		Release|x86 = Release|x86
	EndGlobalSection
	GlobalSection(ProjectConfigurationPlatforms) = postSolution
		{0E7E00EE-7979-4407-AF45-068971E3C157}.Debug|Any CPU.ActiveCfg = Debug|Any CPU
		{0E7E00EE-7979-4407-AF45-068971E3C157}.Debug|Any CPU.Build.0 = Debug|Any CPU
		{0E7E00EE-7979-4407-AF45-068971E3C157}.Debug|Mixed Platforms.ActiveCfg = Debug|Any CPU
		{0E7E00EE-7979-4407-AF45-068971E3C157}.Debug|Mixed Platforms.Build.0 = Debug|Any CPU
		{0E7E00EE-7979-4407-AF45-068971E3C157}.Debug|x64.ActiveCfg = Debug|Any CPU
		{0E7E00EE-7979-4407-AF45-068971E3C157}.Debug|x86.ActiveCfg = Debug|Any CPU
		{0E7E00EE-7979-4407-AF45-068971E3C157}.Release|Any CPU.ActiveCfg = Release|Any CPU
		{0E7E00EE-7979-4407-AF45-068971E3C157}.Release|Any CPU.Build.0 = Release|Any CPU
		{0E7E00EE-7979-4407-AF45-068971E3C157}.Release|Mixed Platforms.ActiveCfg = Release|Any CPU
		{0E7E00EE-7979-4407-AF45-068971E3C157}.Release|Mixed Platforms.Build.0 = Release|Any CPU
		{0E7E00EE-7979-4407-AF45-068971E3C157}.Release|x64.ActiveCfg = Release|Any CPU
		{0E7E00EE-7979-4407-AF45-068971E3C157}.Release|x86.ActiveCfg = Release|Any CPU
		{BF0EAC8D-572A-4B1C-A518-B62B63DD93E9}.Debug|Any CPU.ActiveCfg = Debug|Any CPU
		{BF0EAC8D-572A-4B1C-A518-B62B63DD93E9}.Debug|Any CPU.Build.0 = Debug|Any CPU
		{BF0EAC8D-572A-4B1C-A518-B62B63DD93E9}.Debug|Mixed Platforms.ActiveCfg = Debug|Any CPU
		{BF0EAC8D-572A-4B1C-A518-B62B63DD93E9}.Debug|Mixed Platforms.Build.0 = Debug|Any CPU
		{BF0EAC8D-572A-4B1C-A518-B62B63DD93E9}.Debug|x64.ActiveCfg = Debug|Any CPU
		{BF0EAC8D-572A-4B1C-A518-B62B63DD93E9}.Debug|x64.Build.0 = Debug|Any CPU
		{BF0EAC8D-572A-4B1C-A518-B62B63DD93E9}.Debug|x86.ActiveCfg = Debug|Any CPU
		{BF0EAC8D-572A-4B1C-A518-B62B63DD93E9}.Release|Any CPU.ActiveCfg = Release|Any CPU
		{BF0EAC8D-572A-4B1C-A518-B62B63DD93E9}.Release|Any CPU.Build.0 = Release|Any CPU
		{BF0EAC8D-572A-4B1C-A518-B62B63DD93E9}.Release|Mixed Platforms.ActiveCfg = Release|Any CPU
		{BF0EAC8D-572A-4B1C-A518-B62B63DD93E9}.Release|Mixed Platforms.Build.0 = Release|Any CPU
		{BF0EAC8D-572A-4B1C-A518-B62B63DD93E9}.Release|x64.ActiveCfg = Release|Any CPU
		{BF0EAC8D-572A-4B1C-A518-B62B63DD93E9}.Release|x64.Build.0 = Release|Any CPU
		{BF0EAC8D-572A-4B1C-A518-B62B63DD93E9}.Release|x86.ActiveCfg = Release|Any CPU
		{10C0BFB2-AD65-4EF9-9D04-639F595D56D7}.Debug|Any CPU.ActiveCfg = Debug|Any CPU
		{10C0BFB2-AD65-4EF9-9D04-639F595D56D7}.Debug|Any CPU.Build.0 = Debug|Any CPU
		{10C0BFB2-AD65-4EF9-9D04-639F595D56D7}.Debug|Mixed Platforms.ActiveCfg = Debug|Any CPU
		{10C0BFB2-AD65-4EF9-9D04-639F595D56D7}.Debug|Mixed Platforms.Build.0 = Debug|Any CPU
		{10C0BFB2-AD65-4EF9-9D04-639F595D56D7}.Debug|x64.ActiveCfg = Debug|Any CPU
		{10C0BFB2-AD65-4EF9-9D04-639F595D56D7}.Debug|x86.ActiveCfg = Debug|Any CPU
		{10C0BFB2-AD65-4EF9-9D04-639F595D56D7}.Release|Any CPU.ActiveCfg = Release|Any CPU
		{10C0BFB2-AD65-4EF9-9D04-639F595D56D7}.Release|Any CPU.Build.0 = Release|Any CPU
		{10C0BFB2-AD65-4EF9-9D04-639F595D56D7}.Release|Mixed Platforms.ActiveCfg = Release|Any CPU
		{10C0BFB2-AD65-4EF9-9D04-639F595D56D7}.Release|Mixed Platforms.Build.0 = Release|Any CPU
		{10C0BFB2-AD65-4EF9-9D04-639F595D56D7}.Release|x64.ActiveCfg = Release|Any CPU
		{10C0BFB2-AD65-4EF9-9D04-639F595D56D7}.Release|x86.ActiveCfg = Release|Any CPU
		{95EE6B3A-7DA9-432B-956E-A9B651B04661}.Debug|Any CPU.ActiveCfg = Debug|Any CPU
		{95EE6B3A-7DA9-432B-956E-A9B651B04661}.Debug|Any CPU.Build.0 = Debug|Any CPU
		{95EE6B3A-7DA9-432B-956E-A9B651B04661}.Debug|Mixed Platforms.ActiveCfg = Debug|Any CPU
		{95EE6B3A-7DA9-432B-956E-A9B651B04661}.Debug|Mixed Platforms.Build.0 = Debug|Any CPU
		{95EE6B3A-7DA9-432B-956E-A9B651B04661}.Debug|x64.ActiveCfg = Debug|Any CPU
		{95EE6B3A-7DA9-432B-956E-A9B651B04661}.Debug|x86.ActiveCfg = Debug|Any CPU
		{95EE6B3A-7DA9-432B-956E-A9B651B04661}.Release|Any CPU.ActiveCfg = Release|Any CPU
		{95EE6B3A-7DA9-432B-956E-A9B651B04661}.Release|Any CPU.Build.0 = Release|Any CPU
		{95EE6B3A-7DA9-432B-956E-A9B651B04661}.Release|Mixed Platforms.ActiveCfg = Release|Any CPU
		{95EE6B3A-7DA9-432B-956E-A9B651B04661}.Release|Mixed Platforms.Build.0 = Release|Any CPU
		{95EE6B3A-7DA9-432B-956E-A9B651B04661}.Release|x64.ActiveCfg = Release|Any CPU
		{95EE6B3A-7DA9-432B-956E-A9B651B04661}.Release|x86.ActiveCfg = Release|Any CPU
		{DB90B92A-D727-4FCC-A8C5-97EACA5ACE6B}.Debug|Any CPU.ActiveCfg = Debug|Any CPU
		{DB90B92A-D727-4FCC-A8C5-97EACA5ACE6B}.Debug|Any CPU.Build.0 = Debug|Any CPU
		{DB90B92A-D727-4FCC-A8C5-97EACA5ACE6B}.Debug|Mixed Platforms.ActiveCfg = Debug|Any CPU
		{DB90B92A-D727-4FCC-A8C5-97EACA5ACE6B}.Debug|Mixed Platforms.Build.0 = Debug|Any CPU
		{DB90B92A-D727-4FCC-A8C5-97EACA5ACE6B}.Debug|x64.ActiveCfg = Debug|Any CPU
		{DB90B92A-D727-4FCC-A8C5-97EACA5ACE6B}.Debug|x64.Build.0 = Debug|Any CPU
		{DB90B92A-D727-4FCC-A8C5-97EACA5ACE6B}.Debug|x86.ActiveCfg = Debug|Any CPU
		{DB90B92A-D727-4FCC-A8C5-97EACA5ACE6B}.Debug|x86.Build.0 = Debug|Any CPU
		{DB90B92A-D727-4FCC-A8C5-97EACA5ACE6B}.Release|Any CPU.ActiveCfg = Release|Any CPU
		{DB90B92A-D727-4FCC-A8C5-97EACA5ACE6B}.Release|Any CPU.Build.0 = Release|Any CPU
		{DB90B92A-D727-4FCC-A8C5-97EACA5ACE6B}.Release|Mixed Platforms.ActiveCfg = Release|Any CPU
		{DB90B92A-D727-4FCC-A8C5-97EACA5ACE6B}.Release|Mixed Platforms.Build.0 = Release|Any CPU
		{DB90B92A-D727-4FCC-A8C5-97EACA5ACE6B}.Release|x64.ActiveCfg = Release|Any CPU
		{DB90B92A-D727-4FCC-A8C5-97EACA5ACE6B}.Release|x64.Build.0 = Release|Any CPU
		{DB90B92A-D727-4FCC-A8C5-97EACA5ACE6B}.Release|x86.ActiveCfg = Release|Any CPU
		{DB90B92A-D727-4FCC-A8C5-97EACA5ACE6B}.Release|x86.Build.0 = Release|Any CPU
	EndGlobalSection
	GlobalSection(SolutionProperties) = preSolution
		HideSolutionNode = FALSE
	EndGlobalSection
	GlobalSection(NestedProjects) = preSolution
		{10C0BFB2-AD65-4EF9-9D04-639F595D56D7} = {97121540-570F-4D6F-897E-5A4B3A24893F}
		{95EE6B3A-7DA9-432B-956E-A9B651B04661} = {97121540-570F-4D6F-897E-5A4B3A24893F}
	EndGlobalSection
	GlobalSection(ExtensibilityGlobals) = postSolution
		SolutionGuid = {760A5917-50DE-47C4-8403-9E86BAA23D93}
	EndGlobalSection
	GlobalSection(SubversionScc) = preSolution
		Svn-Managed = True
		Manager = AnkhSVN2019 - Subversion Support for Visual Studio
	EndGlobalSection
EndGlobal
